
Microsoft Visual Studio Solution File, Format Version 12.00
# Visual Studio Version 17
VisualStudioVersion = 17.3.32825.248
MinimumVisualStudioVersion = 10.0.40219.1
Project("{9A19103F-16F7-4668-BE54-9A1E7A4F7556}") = "NguyenTanTrungWPF", "NguyenTanTrungWPF\NguyenTanTrungWPF.csproj", "{4621356D-4EAB-48C7-83DD-E6C1B430453E}"
EndProject
Project("{FAE04EC0-301F-11D3-BF4B-00C04F79EFBC}") = "BusinessObjects", "BusinessObjects\BusinessObjects.csproj", "{ED3782F0-794B-44F5-BBA1-DDFB26BB1610}"
EndProject
Project("{FAE04EC0-301F-11D3-BF4B-00C04F79EFBC}") = "DataAccessObjects", "DataAccessObjects\DataAccessObjects.csproj", "{5D678D69-AD5D-42AC-99FD-8C3C3DC863DE}"
EndProject
Project("{FAE04EC0-301F-11D3-BF4B-00C04F79EFBC}") = "Repository", "Repository\Repository.csproj", "{43DAEDAB-2105-4B05-A86C-8AA3786A70F6}"
EndProject
Global
	GlobalSection(SolutionConfigurationPlatforms) = preSolution
		Debug|Any CPU = Debug|Any CPU
		Release|Any CPU = Release|Any CPU
	EndGlobalSection
	GlobalSection(ProjectConfigurationPlatforms) = postSolution
		{4621356D-4EAB-48C7-83DD-E6C1B430453E}.Debug|Any CPU.ActiveCfg = Debug|Any CPU
		{4621356D-4EAB-48C7-83DD-E6C1B430453E}.Debug|Any CPU.Build.0 = Debug|Any CPU
		{4621356D-4EAB-48C7-83DD-E6C1B430453E}.Release|Any CPU.ActiveCfg = Release|Any CPU
		{4621356D-4EAB-48C7-83DD-E6C1B430453E}.Release|Any CPU.Build.0 = Release|Any CPU
		{ED3782F0-794B-44F5-BBA1-DDFB26BB1610}.Debug|Any CPU.ActiveCfg = Debug|Any CPU
		{ED3782F0-794B-44F5-BBA1-DDFB26BB1610}.Debug|Any CPU.Build.0 = Debug|Any CPU
		{ED3782F0-794B-44F5-BBA1-DDFB26BB1610}.Release|Any CPU.ActiveCfg = Release|Any CPU
		{ED3782F0-794B-44F5-BBA1-DDFB26BB1610}.Release|Any CPU.Build.0 = Release|Any CPU
		{5D678D69-AD5D-42AC-99FD-8C3C3DC863DE}.Debug|Any CPU.ActiveCfg = Debug|Any CPU
		{5D678D69-AD5D-42AC-99FD-8C3C3DC863DE}.Debug|Any CPU.Build.0 = Debug|Any CPU
		{5D678D69-AD5D-42AC-99FD-8C3C3DC863DE}.Release|Any CPU.ActiveCfg = Release|Any CPU
		{5D678D69-AD5D-42AC-99FD-8C3C3DC863DE}.Release|Any CPU.Build.0 = Release|Any CPU
		{43DAEDAB-2105-4B05-A86C-8AA3786A70F6}.Debug|Any CPU.ActiveCfg = Debug|Any CPU
		{43DAEDAB-2105-4B05-A86C-8AA3786A70F6}.Debug|Any CPU.Build.0 = Debug|Any CPU
		{43DAEDAB-2105-4B05-A86C-8AA3786A70F6}.Release|Any CPU.ActiveCfg = Release|Any CPU
		{43DAEDAB-2105-4B05-A86C-8AA3786A70F6}.Release|Any CPU.Build.0 = Release|Any CPU
	EndGlobalSection
	GlobalSection(SolutionProperties) = preSolution
		HideSolutionNode = FALSE
	EndGlobalSection
	GlobalSection(ExtensibilityGlobals) = postSolution
		SolutionGuid = {25374443-4DE8-4150-A56C-B9E0C37E006B}
	EndGlobalSection
EndGlobal
